
Microsoft Visual Studio Solution File, Format Version 12.00
# Visual Studio Version 17
VisualStudioVersion = 17.11.35222.181
MinimumVisualStudioVersion = 10.0.40219.1
Project("{FAE04EC0-301F-11D3-BF4B-00C04F79EFBC}") = "SLP", "SLP.csproj", "{41D069E2-4D26-4130-BCEC-1A3F8987A40E}"
EndProject
Project("{FAE04EC0-301F-11D3-BF4B-00C04F79EFBC}") = "OCP", "..\OCP\OCP.csproj", "{CBE0F302-C98E-413D-854D-DEA928E3533E}"
EndProject
Project("{FAE04EC0-301F-11D3-BF4B-00C04F79EFBC}") = "LSP", "..\LSP\LSP.csproj", "{827220DC-0019-4F8F-9351-A446B55857FD}"
EndProject
Project("{FAE04EC0-301F-11D3-BF4B-00C04F79EFBC}") = "ISP", "..\ISP\ISP.csproj", "{13DD1997-9831-489D-9730-536626A86617}"
EndProject
Project("{FAE04EC0-301F-11D3-BF4B-00C04F79EFBC}") = "DIP", "..\DIP\DIP.csproj", "{AA67F5CF-8ED9-4078-AE47-BD996D5C06A3}"
EndProject
Global
	GlobalSection(SolutionConfigurationPlatforms) = preSolution
		Debug|Any CPU = Debug|Any CPU
		Release|Any CPU = Release|Any CPU
	EndGlobalSection
	GlobalSection(ProjectConfigurationPlatforms) = postSolution
		{41D069E2-4D26-4130-BCEC-1A3F8987A40E}.Debug|Any CPU.ActiveCfg = Debug|Any CPU
		{41D069E2-4D26-4130-BCEC-1A3F8987A40E}.Debug|Any CPU.Build.0 = Debug|Any CPU
		{41D069E2-4D26-4130-BCEC-1A3F8987A40E}.Release|Any CPU.ActiveCfg = Release|Any CPU
		{41D069E2-4D26-4130-BCEC-1A3F8987A40E}.Release|Any CPU.Build.0 = Release|Any CPU
		{CBE0F302-C98E-413D-854D-DEA928E3533E}.Debug|Any CPU.ActiveCfg = Debug|Any CPU
		{CBE0F302-C98E-413D-854D-DEA928E3533E}.Debug|Any CPU.Build.0 = Debug|Any CPU
		{CBE0F302-C98E-413D-854D-DEA928E3533E}.Release|Any CPU.ActiveCfg = Release|Any CPU
		{CBE0F302-C98E-413D-854D-DEA928E3533E}.Release|Any CPU.Build.0 = Release|Any CPU
		{827220DC-0019-4F8F-9351-A446B55857FD}.Debug|Any CPU.ActiveCfg = Debug|Any CPU
		{827220DC-0019-4F8F-9351-A446B55857FD}.Debug|Any CPU.Build.0 = Debug|Any CPU
		{827220DC-0019-4F8F-9351-A446B55857FD}.Release|Any CPU.ActiveCfg = Release|Any CPU
		{827220DC-0019-4F8F-9351-A446B55857FD}.Release|Any CPU.Build.0 = Release|Any CPU
		{13DD1997-9831-489D-9730-536626A86617}.Debug|Any CPU.ActiveCfg = Debug|Any CPU
		{13DD1997-9831-489D-9730-536626A86617}.Debug|Any CPU.Build.0 = Debug|Any CPU
		{13DD1997-9831-489D-9730-536626A86617}.Release|Any CPU.ActiveCfg = Release|Any CPU
		{13DD1997-9831-489D-9730-536626A86617}.Release|Any CPU.Build.0 = Release|Any CPU
		{AA67F5CF-8ED9-4078-AE47-BD996D5C06A3}.Debug|Any CPU.ActiveCfg = Debug|Any CPU
		{AA67F5CF-8ED9-4078-AE47-BD996D5C06A3}.Debug|Any CPU.Build.0 = Debug|Any CPU
		{AA67F5CF-8ED9-4078-AE47-BD996D5C06A3}.Release|Any CPU.ActiveCfg = Release|Any CPU
		{AA67F5CF-8ED9-4078-AE47-BD996D5C06A3}.Release|Any CPU.Build.0 = Release|Any CPU
	EndGlobalSection
	GlobalSection(SolutionProperties) = preSolution
		HideSolutionNode = FALSE
	EndGlobalSection
	GlobalSection(ExtensibilityGlobals) = postSolution
		SolutionGuid = {DCCE5CB9-85E9-4CBB-A876-14F39DA34194}
	EndGlobalSection
EndGlobal
